
Microsoft Visual Studio Solution File, Format Version 12.00
# Visual Studio Version 16
VisualStudioVersion = 16.0.30320.27
MinimumVisualStudioVersion = 10.0.40219.1
Project("{FAE04EC0-301F-11D3-BF4B-00C04F79EFBC}") = "Lab_8_Collections", "Lab_8_Collections\Lab_8_Collections.csproj", "{B9B770D3-5019-4371-91C0-2E0C255B0981}"
EndProject
Global
	GlobalSection(SolutionConfigurationPlatforms) = preSolution
		Debug|Any CPU = Debug|Any CPU
		Release|Any CPU = Release|Any CPU
	EndGlobalSection
	GlobalSection(ProjectConfigurationPlatforms) = postSolution
		{B9B770D3-5019-4371-91C0-2E0C255B0981}.Debug|Any CPU.ActiveCfg = Debug|Any CPU
		{B9B770D3-5019-4371-91C0-2E0C255B0981}.Debug|Any CPU.Build.0 = Debug|Any CPU
		{B9B770D3-5019-4371-91C0-2E0C255B0981}.Release|Any CPU.ActiveCfg = Release|Any CPU
		{B9B770D3-5019-4371-91C0-2E0C255B0981}.Release|Any CPU.Build.0 = Release|Any CPU
	EndGlobalSection
	GlobalSection(SolutionProperties) = preSolution
		HideSolutionNode = FALSE
	EndGlobalSection
	GlobalSection(ExtensibilityGlobals) = postSolution
		SolutionGuid = {7EEA2C6D-C4D7-4015-A9E0-C6A2E0CFB6C9}
	EndGlobalSection
EndGlobal
