
Microsoft Visual Studio Solution File, Format Version 12.00
# Visual Studio Version 16
VisualStudioVersion = 16.0.30320.27
MinimumVisualStudioVersion = 10.0.40219.1
Project("{FAE04EC0-301F-11D3-BF4B-00C04F79EFBC}") = "Lab_7_Loops", "Lab_7_Loops\Lab_7_Loops.csproj", "{F2DD5526-94F9-41EB-A52B-716AE97B5B58}"
EndProject
Global
	GlobalSection(SolutionConfigurationPlatforms) = preSolution
		Debug|Any CPU = Debug|Any CPU
		Release|Any CPU = Release|Any CPU
	EndGlobalSection
	GlobalSection(ProjectConfigurationPlatforms) = postSolution
		{F2DD5526-94F9-41EB-A52B-716AE97B5B58}.Debug|Any CPU.ActiveCfg = Debug|Any CPU
		{F2DD5526-94F9-41EB-A52B-716AE97B5B58}.Debug|Any CPU.Build.0 = Debug|Any CPU
		{F2DD5526-94F9-41EB-A52B-716AE97B5B58}.Release|Any CPU.ActiveCfg = Release|Any CPU
		{F2DD5526-94F9-41EB-A52B-716AE97B5B58}.Release|Any CPU.Build.0 = Release|Any CPU
	EndGlobalSection
	GlobalSection(SolutionProperties) = preSolution
		HideSolutionNode = FALSE
	EndGlobalSection
	GlobalSection(ExtensibilityGlobals) = postSolution
		SolutionGuid = {F7B2A228-D73B-4E48-848B-352E0E679F27}
	EndGlobalSection
EndGlobal
