
Microsoft Visual Studio Solution File, Format Version 12.00
# Visual Studio Version 16
VisualStudioVersion = 16.0.30406.217
MinimumVisualStudioVersion = 10.0.40219.1
Project("{FAE04EC0-301F-11D3-BF4B-00C04F79EFBC}") = "RazorGymTrackerWebsite", "RazorGymTrackerWebsite\RazorGymTrackerWebsite.csproj", "{50872DB9-A626-4DA5-8CC0-2D89EFCFCD0B}"
EndProject
Global
	GlobalSection(SolutionConfigurationPlatforms) = preSolution
		Debug|Any CPU = Debug|Any CPU
		Release|Any CPU = Release|Any CPU
	EndGlobalSection
	GlobalSection(ProjectConfigurationPlatforms) = postSolution
		{50872DB9-A626-4DA5-8CC0-2D89EFCFCD0B}.Debug|Any CPU.ActiveCfg = Debug|Any CPU
		{50872DB9-A626-4DA5-8CC0-2D89EFCFCD0B}.Debug|Any CPU.Build.0 = Debug|Any CPU
		{50872DB9-A626-4DA5-8CC0-2D89EFCFCD0B}.Release|Any CPU.ActiveCfg = Release|Any CPU
		{50872DB9-A626-4DA5-8CC0-2D89EFCFCD0B}.Release|Any CPU.Build.0 = Release|Any CPU
	EndGlobalSection
	GlobalSection(SolutionProperties) = preSolution
		HideSolutionNode = FALSE
	EndGlobalSection
	GlobalSection(ExtensibilityGlobals) = postSolution
		SolutionGuid = {BC620588-AB09-4FBA-BE10-ECDF7AAE77D6}
	EndGlobalSection
EndGlobal
