
Microsoft Visual Studio Solution File, Format Version 12.00
# Visual Studio Version 16
VisualStudioVersion = 16.0.30320.27
MinimumVisualStudioVersion = 10.0.40219.1
Project("{FAE04EC0-301F-11D3-BF4B-00C04F79EFBC}") = "ExpenseIt", "ExpenseIt\ExpenseIt.csproj", "{0FD7F2A5-99DA-4A79-A601-5FBDC3885C28}"
EndProject
Global
	GlobalSection(SolutionConfigurationPlatforms) = preSolution
		Debug|Any CPU = Debug|Any CPU
		Release|Any CPU = Release|Any CPU
	EndGlobalSection
	GlobalSection(ProjectConfigurationPlatforms) = postSolution
		{0FD7F2A5-99DA-4A79-A601-5FBDC3885C28}.Debug|Any CPU.ActiveCfg = Debug|Any CPU
		{0FD7F2A5-99DA-4A79-A601-5FBDC3885C28}.Debug|Any CPU.Build.0 = Debug|Any CPU
		{0FD7F2A5-99DA-4A79-A601-5FBDC3885C28}.Release|Any CPU.ActiveCfg = Release|Any CPU
		{0FD7F2A5-99DA-4A79-A601-5FBDC3885C28}.Release|Any CPU.Build.0 = Release|Any CPU
	EndGlobalSection
	GlobalSection(SolutionProperties) = preSolution
		HideSolutionNode = FALSE
	EndGlobalSection
	GlobalSection(ExtensibilityGlobals) = postSolution
		SolutionGuid = {D9B70D0D-DD8E-4DB4-B1B8-BC5086D9A19C}
	EndGlobalSection
EndGlobal
